
Microsoft Visual Studio Solution File, Format Version 12.00
# Visual Studio Version 17
VisualStudioVersion = 17.2.32616.157
MinimumVisualStudioVersion = 10.0.40219.1
Project("{9A19103F-16F7-4668-BE54-9A1E7A4F7556}") = "1_DAL", "1_DAL\1_DAL.csproj", "{02DE5AA6-E7D2-49F2-B8B1-27A1419E703E}"
EndProject
Project("{9A19103F-16F7-4668-BE54-9A1E7A4F7556}") = "2_BUS", "2_BUS\2_BUS.csproj", "{BCF53941-43E0-4925-AA28-07B13F6A9836}"
EndProject
Project("{FAE04EC0-301F-11D3-BF4B-00C04F79EFBC}") = "3_PL", "3_PL\3_PL.csproj", "{782FEA12-930E-4ADE-BF47-D6889F31991C}"
EndProject
Global
	GlobalSection(SolutionConfigurationPlatforms) = preSolution
		Debug|Any CPU = Debug|Any CPU
		Release|Any CPU = Release|Any CPU
	EndGlobalSection
	GlobalSection(ProjectConfigurationPlatforms) = postSolution
		{02DE5AA6-E7D2-49F2-B8B1-27A1419E703E}.Debug|Any CPU.ActiveCfg = Debug|Any CPU
		{02DE5AA6-E7D2-49F2-B8B1-27A1419E703E}.Debug|Any CPU.Build.0 = Debug|Any CPU
		{02DE5AA6-E7D2-49F2-B8B1-27A1419E703E}.Release|Any CPU.ActiveCfg = Release|Any CPU
		{02DE5AA6-E7D2-49F2-B8B1-27A1419E703E}.Release|Any CPU.Build.0 = Release|Any CPU
		{BCF53941-43E0-4925-AA28-07B13F6A9836}.Debug|Any CPU.ActiveCfg = Debug|Any CPU
		{BCF53941-43E0-4925-AA28-07B13F6A9836}.Debug|Any CPU.Build.0 = Debug|Any CPU
		{BCF53941-43E0-4925-AA28-07B13F6A9836}.Release|Any CPU.ActiveCfg = Release|Any CPU
		{BCF53941-43E0-4925-AA28-07B13F6A9836}.Release|Any CPU.Build.0 = Release|Any CPU
		{782FEA12-930E-4ADE-BF47-D6889F31991C}.Debug|Any CPU.ActiveCfg = Debug|Any CPU
		{782FEA12-930E-4ADE-BF47-D6889F31991C}.Debug|Any CPU.Build.0 = Debug|Any CPU
		{782FEA12-930E-4ADE-BF47-D6889F31991C}.Release|Any CPU.ActiveCfg = Release|Any CPU
		{782FEA12-930E-4ADE-BF47-D6889F31991C}.Release|Any CPU.Build.0 = Release|Any CPU
	EndGlobalSection
	GlobalSection(SolutionProperties) = preSolution
		HideSolutionNode = FALSE
	EndGlobalSection
	GlobalSection(ExtensibilityGlobals) = postSolution
		SolutionGuid = {4236F622-A82A-4887-8DC4-B22FDE9A38DC}
	EndGlobalSection
EndGlobal
